
Microsoft Visual Studio Solution File, Format Version 12.00
# Visual Studio 2013
VisualStudioVersion = 12.0.30501.0
MinimumVisualStudioVersion = 10.0.40219.1
Project("{FAE04EC0-301F-11D3-BF4B-00C04F79EFBC}") = "Zoltu.Collections.Generic.NotNull", "Zoltu.Collections.Generic.NotNull\Zoltu.Collections.Generic.NotNull.csproj", "{A385A6B8-9171-45E3-974F-643C19E1023E}"
EndProject
Project("{FAE04EC0-301F-11D3-BF4B-00C04F79EFBC}") = "Zoltu.Collections.Generic.NotNull.Tests", "Zoltu.Collections.Generic.NotNull.Tests\Zoltu.Collections.Generic.NotNull.Tests.csproj", "{FB1DAAEE-6B9F-4AF6-B861-3CD07C62BEEB}"
EndProject
Project("{2150E333-8FDC-42A3-9474-1A3956D46DE8}") = ".nuget", ".nuget", "{72CF8A11-05E4-4C29-89C4-2C80E1CDD29D}"
	ProjectSection(SolutionItems) = preProject
		.nuget\packages.config = .nuget\packages.config
	EndProjectSection
EndProject
Global
	GlobalSection(SolutionConfigurationPlatforms) = preSolution
		Debug|Any CPU = Debug|Any CPU
		Release|Any CPU = Release|Any CPU
	EndGlobalSection
	GlobalSection(ProjectConfigurationPlatforms) = postSolution
		{A385A6B8-9171-45E3-974F-643C19E1023E}.Debug|Any CPU.ActiveCfg = Debug|Any CPU
		{A385A6B8-9171-45E3-974F-643C19E1023E}.Debug|Any CPU.Build.0 = Debug|Any CPU
		{A385A6B8-9171-45E3-974F-643C19E1023E}.Release|Any CPU.ActiveCfg = Release|Any CPU
		{A385A6B8-9171-45E3-974F-643C19E1023E}.Release|Any CPU.Build.0 = Release|Any CPU
		{FB1DAAEE-6B9F-4AF6-B861-3CD07C62BEEB}.Debug|Any CPU.ActiveCfg = Debug|Any CPU
		{FB1DAAEE-6B9F-4AF6-B861-3CD07C62BEEB}.Debug|Any CPU.Build.0 = Debug|Any CPU
		{FB1DAAEE-6B9F-4AF6-B861-3CD07C62BEEB}.Release|Any CPU.ActiveCfg = Release|Any CPU
		{FB1DAAEE-6B9F-4AF6-B861-3CD07C62BEEB}.Release|Any CPU.Build.0 = Release|Any CPU
	EndGlobalSection
	GlobalSection(SolutionProperties) = preSolution
		HideSolutionNode = FALSE
	EndGlobalSection
EndGlobal
